
Microsoft Visual Studio Solution File, Format Version 12.00
# Visual Studio Version 17
VisualStudioVersion = 17.10.35013.160
MinimumVisualStudioVersion = 10.0.40219.1
Project("{8BC9CEB8-8B4A-11D0-8D11-00A0C91BC942}") = "Week5_Task5", "Week5_Task5\Week5_Task5.vcxproj", "{A50C42F4-DDF1-44F2-9138-0E78A6BB4077}"
EndProject
Global
	GlobalSection(SolutionConfigurationPlatforms) = preSolution
		Debug|x64 = Debug|x64
		Debug|x86 = Debug|x86
		Release|x64 = Release|x64
		Release|x86 = Release|x86
	EndGlobalSection
	GlobalSection(ProjectConfigurationPlatforms) = postSolution
		{A50C42F4-DDF1-44F2-9138-0E78A6BB4077}.Debug|x64.ActiveCfg = Debug|x64
		{A50C42F4-DDF1-44F2-9138-0E78A6BB4077}.Debug|x64.Build.0 = Debug|x64
		{A50C42F4-DDF1-44F2-9138-0E78A6BB4077}.Debug|x86.ActiveCfg = Debug|Win32
		{A50C42F4-DDF1-44F2-9138-0E78A6BB4077}.Debug|x86.Build.0 = Debug|Win32
		{A50C42F4-DDF1-44F2-9138-0E78A6BB4077}.Release|x64.ActiveCfg = Release|x64
		{A50C42F4-DDF1-44F2-9138-0E78A6BB4077}.Release|x64.Build.0 = Release|x64
		{A50C42F4-DDF1-44F2-9138-0E78A6BB4077}.Release|x86.ActiveCfg = Release|Win32
		{A50C42F4-DDF1-44F2-9138-0E78A6BB4077}.Release|x86.Build.0 = Release|Win32
	EndGlobalSection
	GlobalSection(SolutionProperties) = preSolution
		HideSolutionNode = FALSE
	EndGlobalSection
	GlobalSection(ExtensibilityGlobals) = postSolution
		SolutionGuid = {D5E03217-B734-48E1-8455-C0CC0A80C60C}
	EndGlobalSection
EndGlobal
