
Microsoft Visual Studio Solution File, Format Version 12.00
# Visual Studio Version 17
VisualStudioVersion = 17.10.35013.160
MinimumVisualStudioVersion = 10.0.40219.1
Project("{8BC9CEB8-8B4A-11D0-8D11-00A0C91BC942}") = "Week3_Task3", "Week3_Task3\Week3_Task3.vcxproj", "{31105135-5278-4890-8BD2-9150C2A1E346}"
EndProject
Global
	GlobalSection(SolutionConfigurationPlatforms) = preSolution
		Debug|x64 = Debug|x64
		Debug|x86 = Debug|x86
		Release|x64 = Release|x64
		Release|x86 = Release|x86
	EndGlobalSection
	GlobalSection(ProjectConfigurationPlatforms) = postSolution
		{31105135-5278-4890-8BD2-9150C2A1E346}.Debug|x64.ActiveCfg = Debug|x64
		{31105135-5278-4890-8BD2-9150C2A1E346}.Debug|x64.Build.0 = Debug|x64
		{31105135-5278-4890-8BD2-9150C2A1E346}.Debug|x86.ActiveCfg = Debug|Win32
		{31105135-5278-4890-8BD2-9150C2A1E346}.Debug|x86.Build.0 = Debug|Win32
		{31105135-5278-4890-8BD2-9150C2A1E346}.Release|x64.ActiveCfg = Release|x64
		{31105135-5278-4890-8BD2-9150C2A1E346}.Release|x64.Build.0 = Release|x64
		{31105135-5278-4890-8BD2-9150C2A1E346}.Release|x86.ActiveCfg = Release|Win32
		{31105135-5278-4890-8BD2-9150C2A1E346}.Release|x86.Build.0 = Release|Win32
	EndGlobalSection
	GlobalSection(SolutionProperties) = preSolution
		HideSolutionNode = FALSE
	EndGlobalSection
	GlobalSection(ExtensibilityGlobals) = postSolution
		SolutionGuid = {20C4C985-0792-47EC-8D09-097EFCF6EDFA}
	EndGlobalSection
EndGlobal
